
Microsoft Visual Studio Solution File, Format Version 12.00
# Visual Studio Version 16
VisualStudioVersion = 16.0.31729.503
MinimumVisualStudioVersion = 10.0.40219.1
Project("{FAE04EC0-301F-11D3-BF4B-00C04F79EFBC}") = "MathOperationAssignment", "MathOperationAssignment.csproj", "{C762D190-2A98-4DB8-A5C0-DBB8829A81DB}"
EndProject
Global
	GlobalSection(SolutionConfigurationPlatforms) = preSolution
		Debug|Any CPU = Debug|Any CPU
		Release|Any CPU = Release|Any CPU
	EndGlobalSection
	GlobalSection(ProjectConfigurationPlatforms) = postSolution
		{C762D190-2A98-4DB8-A5C0-DBB8829A81DB}.Debug|Any CPU.ActiveCfg = Debug|Any CPU
		{C762D190-2A98-4DB8-A5C0-DBB8829A81DB}.Debug|Any CPU.Build.0 = Debug|Any CPU
		{C762D190-2A98-4DB8-A5C0-DBB8829A81DB}.Release|Any CPU.ActiveCfg = Release|Any CPU
		{C762D190-2A98-4DB8-A5C0-DBB8829A81DB}.Release|Any CPU.Build.0 = Release|Any CPU
	EndGlobalSection
	GlobalSection(SolutionProperties) = preSolution
		HideSolutionNode = FALSE
	EndGlobalSection
	GlobalSection(ExtensibilityGlobals) = postSolution
		SolutionGuid = {DFF09D81-8CEE-48FF-9EC7-0AFCFD7120F0}
	EndGlobalSection
EndGlobal
